
Microsoft Visual Studio Solution File, Format Version 12.00
# Visual Studio Version 16
VisualStudioVersion = 16.0.30611.23
MinimumVisualStudioVersion = 10.0.40219.1
Project("{9A19103F-16F7-4668-BE54-9A1E7A4F7556}") = "PetSupport.Core", "PetSupport.Core\PetSupport.Core.csproj", "{F64015EB-8259-4E37-B4B1-5C711B9F709B}"
EndProject
Project("{9A19103F-16F7-4668-BE54-9A1E7A4F7556}") = "PetSupport.Infrastructure.Data", "PetSupport.Infrastructure.Data\PetSupport.Infrastructure.Data.csproj", "{AE1A3F59-8B9A-444A-9A3C-8D528DFC08CF}"
EndProject
Project("{9A19103F-16F7-4668-BE54-9A1E7A4F7556}") = "PetSupport.Tests", "PetSupport.Tests\PetSupport.Tests.csproj", "{868BCEDD-B6A0-49BE-A2C3-5B8F47D2AB56}"
EndProject
Project("{FAE04EC0-301F-11D3-BF4B-00C04F79EFBC}") = "Petsupport.API2", "Petsupport.API2\Petsupport.API2.csproj", "{791B64F6-3F6E-4E03-9BB2-83CC74EF6D18}"
EndProject
Global
	GlobalSection(SolutionConfigurationPlatforms) = preSolution
		Debug|Any CPU = Debug|Any CPU
		Release|Any CPU = Release|Any CPU
	EndGlobalSection
	GlobalSection(ProjectConfigurationPlatforms) = postSolution
		{F64015EB-8259-4E37-B4B1-5C711B9F709B}.Debug|Any CPU.ActiveCfg = Debug|Any CPU
		{F64015EB-8259-4E37-B4B1-5C711B9F709B}.Debug|Any CPU.Build.0 = Debug|Any CPU
		{F64015EB-8259-4E37-B4B1-5C711B9F709B}.Release|Any CPU.ActiveCfg = Release|Any CPU
		{F64015EB-8259-4E37-B4B1-5C711B9F709B}.Release|Any CPU.Build.0 = Release|Any CPU
		{AE1A3F59-8B9A-444A-9A3C-8D528DFC08CF}.Debug|Any CPU.ActiveCfg = Debug|Any CPU
		{AE1A3F59-8B9A-444A-9A3C-8D528DFC08CF}.Debug|Any CPU.Build.0 = Debug|Any CPU
		{AE1A3F59-8B9A-444A-9A3C-8D528DFC08CF}.Release|Any CPU.ActiveCfg = Release|Any CPU
		{AE1A3F59-8B9A-444A-9A3C-8D528DFC08CF}.Release|Any CPU.Build.0 = Release|Any CPU
		{868BCEDD-B6A0-49BE-A2C3-5B8F47D2AB56}.Debug|Any CPU.ActiveCfg = Debug|Any CPU
		{868BCEDD-B6A0-49BE-A2C3-5B8F47D2AB56}.Debug|Any CPU.Build.0 = Debug|Any CPU
		{868BCEDD-B6A0-49BE-A2C3-5B8F47D2AB56}.Release|Any CPU.ActiveCfg = Release|Any CPU
		{868BCEDD-B6A0-49BE-A2C3-5B8F47D2AB56}.Release|Any CPU.Build.0 = Release|Any CPU
		{791B64F6-3F6E-4E03-9BB2-83CC74EF6D18}.Debug|Any CPU.ActiveCfg = Debug|Any CPU
		{791B64F6-3F6E-4E03-9BB2-83CC74EF6D18}.Debug|Any CPU.Build.0 = Debug|Any CPU
		{791B64F6-3F6E-4E03-9BB2-83CC74EF6D18}.Release|Any CPU.ActiveCfg = Release|Any CPU
		{791B64F6-3F6E-4E03-9BB2-83CC74EF6D18}.Release|Any CPU.Build.0 = Release|Any CPU
	EndGlobalSection
	GlobalSection(SolutionProperties) = preSolution
		HideSolutionNode = FALSE
	EndGlobalSection
	GlobalSection(ExtensibilityGlobals) = postSolution
		SolutionGuid = {B9BCD5F9-4B7D-4C6A-AA2E-35E899189D87}
	EndGlobalSection
EndGlobal
